
Microsoft Visual Studio Solution File, Format Version 12.00
# Visual Studio 14
VisualStudioVersion = 14.0.25123.0
MinimumVisualStudioVersion = 10.0.40219.1
Project("{FAE04EC0-301F-11D3-BF4B-00C04F79EFBC}") = "Caliburn.Micro.Demo", "Caliburn.Micro.Demo\Caliburn.Micro.Demo.csproj", "{7274F492-7384-4CFE-9F77-BDDE2AF09038}"
EndProject
Project("{FAE04EC0-301F-11D3-BF4B-00C04F79EFBC}") = "Caliburn.Micro.DemoAddon", "Caliburn.Micro.DemoAddon\Caliburn.Micro.DemoAddon.csproj", "{75DBD9E7-5D5A-4D83-8F03-8C7DB4A86256}"
EndProject
Project("{FAE04EC0-301F-11D3-BF4B-00C04F79EFBC}") = "Dapplo.CaliburnMicro", "Dapplo.CaliburnMicro\Dapplo.CaliburnMicro.csproj", "{4A9495B8-3638-4D5B-9D57-1A32F27E9C03}"
EndProject
Project("{FAE04EC0-301F-11D3-BF4B-00C04F79EFBC}") = "Dapplo.CaliburnMicro.MahApps", "Dapplo.CaliburnMicro.MahApps\Dapplo.CaliburnMicro.MahApps.csproj", "{543ECF9B-9D56-4E87-A093-89EA2214424A}"
EndProject
Global
	GlobalSection(SolutionConfigurationPlatforms) = preSolution
		Debug|Any CPU = Debug|Any CPU
		Release|Any CPU = Release|Any CPU
	EndGlobalSection
	GlobalSection(ProjectConfigurationPlatforms) = postSolution
		{7274F492-7384-4CFE-9F77-BDDE2AF09038}.Debug|Any CPU.ActiveCfg = Debug|Any CPU
		{7274F492-7384-4CFE-9F77-BDDE2AF09038}.Debug|Any CPU.Build.0 = Debug|Any CPU
		{7274F492-7384-4CFE-9F77-BDDE2AF09038}.Release|Any CPU.ActiveCfg = Release|Any CPU
		{7274F492-7384-4CFE-9F77-BDDE2AF09038}.Release|Any CPU.Build.0 = Release|Any CPU
		{75DBD9E7-5D5A-4D83-8F03-8C7DB4A86256}.Debug|Any CPU.ActiveCfg = Debug|Any CPU
		{75DBD9E7-5D5A-4D83-8F03-8C7DB4A86256}.Debug|Any CPU.Build.0 = Debug|Any CPU
		{75DBD9E7-5D5A-4D83-8F03-8C7DB4A86256}.Release|Any CPU.ActiveCfg = Release|Any CPU
		{75DBD9E7-5D5A-4D83-8F03-8C7DB4A86256}.Release|Any CPU.Build.0 = Release|Any CPU
		{4A9495B8-3638-4D5B-9D57-1A32F27E9C03}.Debug|Any CPU.ActiveCfg = Debug|Any CPU
		{4A9495B8-3638-4D5B-9D57-1A32F27E9C03}.Debug|Any CPU.Build.0 = Debug|Any CPU
		{4A9495B8-3638-4D5B-9D57-1A32F27E9C03}.Release|Any CPU.ActiveCfg = Release|Any CPU
		{4A9495B8-3638-4D5B-9D57-1A32F27E9C03}.Release|Any CPU.Build.0 = Release|Any CPU
		{543ECF9B-9D56-4E87-A093-89EA2214424A}.Debug|Any CPU.ActiveCfg = Debug|Any CPU
		{543ECF9B-9D56-4E87-A093-89EA2214424A}.Debug|Any CPU.Build.0 = Debug|Any CPU
		{543ECF9B-9D56-4E87-A093-89EA2214424A}.Release|Any CPU.ActiveCfg = Release|Any CPU
		{543ECF9B-9D56-4E87-A093-89EA2214424A}.Release|Any CPU.Build.0 = Release|Any CPU
	EndGlobalSection
	GlobalSection(SolutionProperties) = preSolution
		HideSolutionNode = FALSE
	EndGlobalSection
EndGlobal
